
Microsoft Visual Studio Solution File, Format Version 12.00
# Visual Studio Version 17
VisualStudioVersion = 17.3.32825.248
MinimumVisualStudioVersion = 10.0.40219.1
Project("{FAE04EC0-301F-11D3-BF4B-00C04F79EFBC}") = "Pushmaster", "Pushmaster.csproj", "{45AF9879-F062-47DD-A62F-021A85B3C81C}"
EndProject
Global
	GlobalSection(SolutionConfigurationPlatforms) = preSolution
		Debug|Any CPU = Debug|Any CPU
		Release|Any CPU = Release|Any CPU
	EndGlobalSection
	GlobalSection(ProjectConfigurationPlatforms) = postSolution
		{45AF9879-F062-47DD-A62F-021A85B3C81C}.Debug|Any CPU.ActiveCfg = Debug|Any CPU
		{45AF9879-F062-47DD-A62F-021A85B3C81C}.Debug|Any CPU.Build.0 = Debug|Any CPU
		{45AF9879-F062-47DD-A62F-021A85B3C81C}.Release|Any CPU.ActiveCfg = Release|Any CPU
		{45AF9879-F062-47DD-A62F-021A85B3C81C}.Release|Any CPU.Build.0 = Release|Any CPU
	EndGlobalSection
	GlobalSection(SolutionProperties) = preSolution
		HideSolutionNode = FALSE
	EndGlobalSection
	GlobalSection(ExtensibilityGlobals) = postSolution
		SolutionGuid = {06ED1770-0DCB-4526-95D1-6C2111A49114}
	EndGlobalSection
EndGlobal
